
Microsoft Visual Studio Solution File, Format Version 11.00
# Visual Basic Express 2010
Project("{F184B08F-C81C-45F6-A57F-5ABD9991F28F}") = "Quiz_vb_Umar Sahid_K1", "Quiz_vb_Umar Sahid_K1\Quiz_vb_Umar Sahid_K1.vbproj", "{F251C3D9-C871-4D16-9943-8808D10C6642}"
EndProject
Global
	GlobalSection(SolutionConfigurationPlatforms) = preSolution
		Debug|x86 = Debug|x86
		Release|x86 = Release|x86
	EndGlobalSection
	GlobalSection(ProjectConfigurationPlatforms) = postSolution
		{F251C3D9-C871-4D16-9943-8808D10C6642}.Debug|x86.ActiveCfg = Debug|x86
		{F251C3D9-C871-4D16-9943-8808D10C6642}.Debug|x86.Build.0 = Debug|x86
		{F251C3D9-C871-4D16-9943-8808D10C6642}.Release|x86.ActiveCfg = Release|x86
		{F251C3D9-C871-4D16-9943-8808D10C6642}.Release|x86.Build.0 = Release|x86
	EndGlobalSection
	GlobalSection(SolutionProperties) = preSolution
		HideSolutionNode = FALSE
	EndGlobalSection
EndGlobal
